
Microsoft Visual Studio Solution File, Format Version 12.00
# Visual Studio Version 17
VisualStudioVersion = 17.5.33424.131
MinimumVisualStudioVersion = 10.0.40219.1
Project("{FAE04EC0-301F-11D3-BF4B-00C04F79EFBC}") = "ESFE.ArqLimpia.EN", "ESFE.ArqLimpia.EN\ESFE.ArqLimpia.EN.csproj", "{5558B436-CAAC-4E12-BCAE-6A07492C5DFE}"
EndProject
Project("{2150E333-8FDC-42A3-9474-1A3956D46DE8}") = "Enterprise Business Rules", "Enterprise Business Rules", "{15B43C07-D721-4264-A786-B4CF92171CA6}"
EndProject
Project("{2150E333-8FDC-42A3-9474-1A3956D46DE8}") = "Application Business Rules", "Application Business Rules", "{1BFC1420-CF0C-426F-842D-1A72D953B0D3}"
EndProject
Project("{2150E333-8FDC-42A3-9474-1A3956D46DE8}") = "Interface Adapter", "Interface Adapter", "{6D1C6590-CE32-4139-8FC2-165B35B5953D}"
EndProject
Project("{2150E333-8FDC-42A3-9474-1A3956D46DE8}") = "FrameworkDrivers", "FrameworkDrivers", "{AECFFFD6-FB62-48C4-AAD7-976AAD113A3F}"
EndProject
Project("{FAE04EC0-301F-11D3-BF4B-00C04F79EFBC}") = "ESFE.ArqLimpia.BL", "ESFE.ArqLimpia.BL\ESFE.ArqLimpia.BL.csproj", "{7DEA8EBE-141C-439A-BC77-47CBB5641C06}"
EndProject
Project("{FAE04EC0-301F-11D3-BF4B-00C04F79EFBC}") = "ESFE.ArqLimpia.EN.Interfaces", "ESFE.ArqLimpia.EN.Interfaces\ESFE.ArqLimpia.EN.Interfaces.csproj", "{0D95C4E2-7953-4642-80EB-D703AC40D0A9}"
EndProject
Project("{FAE04EC0-301F-11D3-BF4B-00C04F79EFBC}") = "ESFE.ArqLimpia.BL.Interfaces", "ESFE.ArqLimpia.BL.Interfaces\ESFE.ArqLimpia.BL.Interfaces.csproj", "{ED75D35F-02DC-45BE-AB3F-105D34E8FED8}"
EndProject
Project("{FAE04EC0-301F-11D3-BF4B-00C04F79EFBC}") = "ESFE.ArqLimpia.BL.DTOs", "ESFE.ArqLimpia.BL.DTOs\ESFE.ArqLimpia.BL.DTOs.csproj", "{942298EF-BE77-4D1E-90AA-F2A20AFADCEC}"
EndProject
Project("{FAE04EC0-301F-11D3-BF4B-00C04F79EFBC}") = "ESFE.ArqLimpia.DAL", "ESFE.ArqLimpia.DAL\ESFE.ArqLimpia.DAL.csproj", "{CB08CED7-2F64-48C5-B6AA-1BB942807630}"
EndProject
Project("{FAE04EC0-301F-11D3-BF4B-00C04F79EFBC}") = "ESFE.ArqLimpia.IoC", "ESFE.ArqLimpia.IoC\ESFE.ArqLimpia.IoC.csproj", "{E49D1235-E313-4DE3-9349-52856DA730D8}"
EndProject
Project("{FAE04EC0-301F-11D3-BF4B-00C04F79EFBC}") = "ESFE.ArqLimpia.API", "ESFE.ArqLimpia.API\ESFE.ArqLimpia.API.csproj", "{364A4750-9A8A-41E0-8BE7-31F6CD5483AF}"
EndProject
Global
	GlobalSection(SolutionConfigurationPlatforms) = preSolution
		Debug|Any CPU = Debug|Any CPU
		Release|Any CPU = Release|Any CPU
	EndGlobalSection
	GlobalSection(ProjectConfigurationPlatforms) = postSolution
		{5558B436-CAAC-4E12-BCAE-6A07492C5DFE}.Debug|Any CPU.ActiveCfg = Debug|Any CPU
		{5558B436-CAAC-4E12-BCAE-6A07492C5DFE}.Debug|Any CPU.Build.0 = Debug|Any CPU
		{5558B436-CAAC-4E12-BCAE-6A07492C5DFE}.Release|Any CPU.ActiveCfg = Release|Any CPU
		{5558B436-CAAC-4E12-BCAE-6A07492C5DFE}.Release|Any CPU.Build.0 = Release|Any CPU
		{7DEA8EBE-141C-439A-BC77-47CBB5641C06}.Debug|Any CPU.ActiveCfg = Debug|Any CPU
		{7DEA8EBE-141C-439A-BC77-47CBB5641C06}.Debug|Any CPU.Build.0 = Debug|Any CPU
		{7DEA8EBE-141C-439A-BC77-47CBB5641C06}.Release|Any CPU.ActiveCfg = Release|Any CPU
		{7DEA8EBE-141C-439A-BC77-47CBB5641C06}.Release|Any CPU.Build.0 = Release|Any CPU
		{0D95C4E2-7953-4642-80EB-D703AC40D0A9}.Debug|Any CPU.ActiveCfg = Debug|Any CPU
		{0D95C4E2-7953-4642-80EB-D703AC40D0A9}.Debug|Any CPU.Build.0 = Debug|Any CPU
		{0D95C4E2-7953-4642-80EB-D703AC40D0A9}.Release|Any CPU.ActiveCfg = Release|Any CPU
		{0D95C4E2-7953-4642-80EB-D703AC40D0A9}.Release|Any CPU.Build.0 = Release|Any CPU
		{ED75D35F-02DC-45BE-AB3F-105D34E8FED8}.Debug|Any CPU.ActiveCfg = Debug|Any CPU
		{ED75D35F-02DC-45BE-AB3F-105D34E8FED8}.Debug|Any CPU.Build.0 = Debug|Any CPU
		{ED75D35F-02DC-45BE-AB3F-105D34E8FED8}.Release|Any CPU.ActiveCfg = Release|Any CPU
		{ED75D35F-02DC-45BE-AB3F-105D34E8FED8}.Release|Any CPU.Build.0 = Release|Any CPU
		{942298EF-BE77-4D1E-90AA-F2A20AFADCEC}.Debug|Any CPU.ActiveCfg = Debug|Any CPU
		{942298EF-BE77-4D1E-90AA-F2A20AFADCEC}.Debug|Any CPU.Build.0 = Debug|Any CPU
		{942298EF-BE77-4D1E-90AA-F2A20AFADCEC}.Release|Any CPU.ActiveCfg = Release|Any CPU
		{942298EF-BE77-4D1E-90AA-F2A20AFADCEC}.Release|Any CPU.Build.0 = Release|Any CPU
		{CB08CED7-2F64-48C5-B6AA-1BB942807630}.Debug|Any CPU.ActiveCfg = Debug|Any CPU
		{CB08CED7-2F64-48C5-B6AA-1BB942807630}.Debug|Any CPU.Build.0 = Debug|Any CPU
		{CB08CED7-2F64-48C5-B6AA-1BB942807630}.Release|Any CPU.ActiveCfg = Release|Any CPU
		{CB08CED7-2F64-48C5-B6AA-1BB942807630}.Release|Any CPU.Build.0 = Release|Any CPU
		{E49D1235-E313-4DE3-9349-52856DA730D8}.Debug|Any CPU.ActiveCfg = Debug|Any CPU
		{E49D1235-E313-4DE3-9349-52856DA730D8}.Debug|Any CPU.Build.0 = Debug|Any CPU
		{E49D1235-E313-4DE3-9349-52856DA730D8}.Release|Any CPU.ActiveCfg = Release|Any CPU
		{E49D1235-E313-4DE3-9349-52856DA730D8}.Release|Any CPU.Build.0 = Release|Any CPU
		{364A4750-9A8A-41E0-8BE7-31F6CD5483AF}.Debug|Any CPU.ActiveCfg = Debug|Any CPU
		{364A4750-9A8A-41E0-8BE7-31F6CD5483AF}.Debug|Any CPU.Build.0 = Debug|Any CPU
		{364A4750-9A8A-41E0-8BE7-31F6CD5483AF}.Release|Any CPU.ActiveCfg = Release|Any CPU
		{364A4750-9A8A-41E0-8BE7-31F6CD5483AF}.Release|Any CPU.Build.0 = Release|Any CPU
	EndGlobalSection
	GlobalSection(SolutionProperties) = preSolution
		HideSolutionNode = FALSE
	EndGlobalSection
	GlobalSection(NestedProjects) = preSolution
		{5558B436-CAAC-4E12-BCAE-6A07492C5DFE} = {15B43C07-D721-4264-A786-B4CF92171CA6}
		{7DEA8EBE-141C-439A-BC77-47CBB5641C06} = {1BFC1420-CF0C-426F-842D-1A72D953B0D3}
		{0D95C4E2-7953-4642-80EB-D703AC40D0A9} = {15B43C07-D721-4264-A786-B4CF92171CA6}
		{ED75D35F-02DC-45BE-AB3F-105D34E8FED8} = {1BFC1420-CF0C-426F-842D-1A72D953B0D3}
		{942298EF-BE77-4D1E-90AA-F2A20AFADCEC} = {1BFC1420-CF0C-426F-842D-1A72D953B0D3}
		{CB08CED7-2F64-48C5-B6AA-1BB942807630} = {6D1C6590-CE32-4139-8FC2-165B35B5953D}
		{E49D1235-E313-4DE3-9349-52856DA730D8} = {6D1C6590-CE32-4139-8FC2-165B35B5953D}
		{364A4750-9A8A-41E0-8BE7-31F6CD5483AF} = {AECFFFD6-FB62-48C4-AAD7-976AAD113A3F}
	EndGlobalSection
	GlobalSection(ExtensibilityGlobals) = postSolution
		SolutionGuid = {0AE4FEFC-CEEA-4331-B290-62052930495E}
	EndGlobalSection
EndGlobal
